<?xml version="1.0" encoding="utf-8"?>
<Project ToolsVersion="4.0" xmlns="http://schemas.microsoft.com/developer/msbuild/2003">
  <ItemGroup>
    <Filter Include="Source Files">
      <UniqueIdentifier>{4FC737F1-C7A5-4376-A066-2A32D752A2FF}</UniqueIdentifier>
      <Extensions>cpp;c;cc;cxx;def;odl;idl;hpj;bat;asm;asmx</Extensions>
    </Filter>
    <Filter Include="Header Files">
      <UniqueIdentifier>{93995380-89BD-4b04-88EB-625FBE52EBFB}</UniqueIdentifier>
      <Extensions>h;hpp;hxx;hm;inl;inc;xsd</Extensions>
    </Filter>
    <Filter Include="Resource Files">
      <UniqueIdentifier>{67DA6AB6-F800-4c08-8B7A-83BB121AAD01}</UniqueIdentifier>
      <Extensions>rc;ico;cur;bmp;dlg;rc2;rct;bin;rgs;gif;jpg;jpeg;jpe;resx;tiff;tif;png;wav;mfcribbon-ms</Extensions>
    </Filter>
  </ItemGroup>
  <ItemGroup>
    <ClCompile Include="..\source\DesignExtractor.cpp">
      <Filter>Source Files</Filter>
    </ClCompile>
    <ClCompile Include="..\source\Parser.cpp">
      <Filter>Source Files</Filter>
    </ClCompile>
    <ClCompile Include="..\source\PKB.cpp">
      <Filter>Source Files</Filter>
    </ClCompile>
    <ClCompile Include="..\source\TNode.cpp">
      <Filter>Source Files</Filter>
    </ClCompile>
    <ClCompile Include="ResultProjector.cpp">
      <Filter>Source Files</Filter>
    </ClCompile>
    <ClCompile Include="DesignEntity.cpp">
      <Filter>Source Files</Filter>
    </ClCompile>
    <ClCompile Include="Clause.cpp">
      <Filter>Source Files</Filter>
    </ClCompile>
    <ClCompile Include="ModifiesS.cpp">
      <Filter>Source Files</Filter>
    </ClCompile>
    <ClCompile Include="Result.cpp">
      <Filter>Source Files</Filter>
    </ClCompile>
    <ClCompile Include="UsesS.cpp">
      <Filter>Source Files</Filter>
    </ClCompile>
    <ClCompile Include="QueryProcessor.cpp">
      <Filter>Source Files</Filter>
    </ClCompile>
    <ClCompile Include="QueryEvaluator.cpp">
      <Filter>Source Files</Filter>
    </ClCompile>
    <ClCompile Include="ProcessedQuery.cpp">
      <Filter>Source Files</Filter>
    </ClCompile>
    <ClCompile Include="QueryParser.cpp">
      <Filter>Source Files</Filter>
    </ClCompile>
    <ClCompile Include="PatternClause.cpp">
      <Filter>Source Files</Filter>
    </ClCompile>
    <ClCompile Include="QueryPreprocessor.cpp">
      <Filter>Source Files</Filter>
    </ClCompile>
    <ClCompile Include="QueryPreprocessorHelper.cpp">
      <Filter>Source Files</Filter>
    </ClCompile>
    <ClCompile Include="QueryTokenizer.cpp">
      <Filter>Source Files</Filter>
    </ClCompile>
    <ClCompile Include="Statement.cpp">
      <Filter>Source Files</Filter>
    </ClCompile>
    <ClCompile Include="SuchThatClause.cpp">
      <Filter>Source Files</Filter>
    </ClCompile>
    <ClCompile Include="Follows.cpp">
      <Filter>Source Files</Filter>
    </ClCompile>
    <ClCompile Include="FollowsT.cpp">
      <Filter>Source Files</Filter>
    </ClCompile>
    <ClCompile Include="Parent.cpp">
      <Filter>Source Files</Filter>
    </ClCompile>
    <ClCompile Include="ParentT.cpp">
      <Filter>Source Files</Filter>
    </ClCompile>
    <ClCompile Include="Pattern.cpp">
      <Filter>Source Files</Filter>
    </ClCompile>
  </ItemGroup>
  <ItemGroup>
    <ClInclude Include="..\source\PKB.h">
      <Filter>Header Files</Filter>
    </ClInclude>
    <ClInclude Include="..\source\Parser.h">
      <Filter>Header Files</Filter>
    </ClInclude>
    <ClInclude Include="..\source\TNode.h">
      <Filter>Header Files</Filter>
    </ClInclude>
    <ClInclude Include="Type.h">
      <Filter>Header Files</Filter>
    </ClInclude>
    <ClInclude Include="QueryProcessor.h">
      <Filter>Header Files</Filter>
    </ClInclude>
    <ClInclude Include="DesignEntity.h">
      <Filter>Header Files</Filter>
    </ClInclude>
    <ClInclude Include="Clause.h">
      <Filter>Header Files</Filter>
    </ClInclude>
    <ClInclude Include="ModifiesS.h">
      <Filter>Header Files</Filter>
    </ClInclude>
    <ClInclude Include="Result.h">
      <Filter>Header Files</Filter>
    </ClInclude>
    <ClInclude Include="UsesS.h">
      <Filter>Header Files</Filter>
    </ClInclude>
    <ClInclude Include="QueryEvaluator.h">
      <Filter>Header Files</Filter>
    </ClInclude>
    <ClInclude Include="Parent.h">
      <Filter>Header Files</Filter>
    </ClInclude>
    <ClInclude Include="ParentT.h">
      <Filter>Header Files</Filter>
    </ClInclude>
    <ClInclude Include="Follows.h">
      <Filter>Header Files</Filter>
    </ClInclude>
    <ClInclude Include="FollowsT.h">
      <Filter>Header Files</Filter>
    </ClInclude>
    <ClInclude Include="Pattern.h">
      <Filter>Header Files</Filter>
    </ClInclude>
    <ClInclude Include="ResultProjector.h">
      <Filter>Header Files</Filter>
    </ClInclude>
    <ClInclude Include="QueryPreprocessor.h">
      <Filter>Header Files</Filter>
    </ClInclude>
    <ClInclude Include="ProcessedQuery.h">
      <Filter>Header Files</Filter>
    </ClInclude>
    <ClInclude Include="QueryParser.h">
      <Filter>Header Files</Filter>
    </ClInclude>
    <ClInclude Include="PatternClause.h">
      <Filter>Header Files</Filter>
    </ClInclude>
    <ClInclude Include="QueryPreprocessorHelper.h">
      <Filter>Header Files</Filter>
    </ClInclude>
    <ClInclude Include="QueryTokenizer.h">
      <Filter>Header Files</Filter>
    </ClInclude>
    <ClInclude Include="Statement.h">
      <Filter>Header Files</Filter>
    </ClInclude>
    <ClInclude Include="StatementType.h">
      <Filter>Header Files</Filter>
    </ClInclude>
    <ClInclude Include="SuchThatClause.h">
      <Filter>Header Files</Filter>
    </ClInclude>
  </ItemGroup>
</Project>