<?xml version="1.0" encoding="utf-8"?>
<Project ToolsVersion="4.0" xmlns="http://schemas.microsoft.com/developer/msbuild/2003">
  <ItemGroup>
    <Filter Include="Source Files">
      <UniqueIdentifier>{4FC737F1-C7A5-4376-A066-2A32D752A2FF}</UniqueIdentifier>
      <Extensions>cpp;c;cc;cxx;def;odl;idl;hpj;bat;asm;asmx</Extensions>
    </Filter>
    <Filter Include="Header Files">
      <UniqueIdentifier>{93995380-89BD-4b04-88EB-625FBE52EBFB}</UniqueIdentifier>
      <Extensions>h;hpp;hxx;hm;inl;inc;xsd</Extensions>
    </Filter>
    <Filter Include="Resource Files">
      <UniqueIdentifier>{67DA6AB6-F800-4c08-8B7A-83BB121AAD01}</UniqueIdentifier>
      <Extensions>rc;ico;cur;bmp;dlg;rc2;rct;bin;rgs;gif;jpg;jpeg;jpe;resx;tiff;tif;png;wav;mfcribbon-ms</Extensions>
    </Filter>
    <Filter Include="Source Files\Clauses">
      <UniqueIdentifier>{717c3b1e-b8f3-41b9-89fe-565e716ee1ee}</UniqueIdentifier>
    </Filter>
    <Filter Include="Header Files\Clauses">
      <UniqueIdentifier>{363a016e-52b4-4728-8cac-0700d33ddd7a}</UniqueIdentifier>
    </Filter>
    <Filter Include="Source Files\QueryPreprocessor">
      <UniqueIdentifier>{4986781a-2ff9-4725-b43a-d27416d8bd96}</UniqueIdentifier>
    </Filter>
    <Filter Include="Header Files\QueryPreprocessor">
      <UniqueIdentifier>{a62af465-4509-4af8-960f-22f05df8d8f8}</UniqueIdentifier>
    </Filter>
  </ItemGroup>
  <ItemGroup>
    <ClCompile Include="..\source\DesignEntity.cpp">
      <Filter>Source Files</Filter>
    </ClCompile>
    <ClCompile Include="..\source\DesignExtractor.cpp">
      <Filter>Source Files</Filter>
    </ClCompile>
    <ClCompile Include="..\source\Parser.cpp">
      <Filter>Source Files</Filter>
    </ClCompile>
    <ClCompile Include="..\source\PKB.cpp">
      <Filter>Source Files</Filter>
    </ClCompile>
    <ClCompile Include="..\source\ProcessedQuery.cpp">
      <Filter>Source Files</Filter>
    </ClCompile>
    <ClCompile Include="..\source\QueryEvaluator.cpp">
      <Filter>Source Files</Filter>
    </ClCompile>
    <ClCompile Include="..\source\QueryProcessor.cpp">
      <Filter>Source Files</Filter>
    </ClCompile>
    <ClCompile Include="..\source\ResultProjector.cpp">
      <Filter>Source Files</Filter>
    </ClCompile>
    <ClCompile Include="..\source\ModifiesS.cpp">
      <Filter>Source Files\Clauses</Filter>
    </ClCompile>
    <ClCompile Include="..\source\Clause.cpp">
      <Filter>Source Files\Clauses</Filter>
    </ClCompile>
    <ClCompile Include="..\source\ModifiesP.cpp">
      <Filter>Source Files\Clauses</Filter>
    </ClCompile>
    <ClCompile Include="..\source\UsesS.cpp">
      <Filter>Source Files\Clauses</Filter>
    </ClCompile>
    <ClCompile Include="..\source\UsesP.cpp">
      <Filter>Source Files\Clauses</Filter>
    </ClCompile>
    <ClCompile Include="..\source\Parent.cpp">
      <Filter>Source Files\Clauses</Filter>
    </ClCompile>
    <ClCompile Include="..\source\ParentT.cpp">
      <Filter>Source Files\Clauses</Filter>
    </ClCompile>
    <ClCompile Include="..\source\Follows.cpp">
      <Filter>Source Files\Clauses</Filter>
    </ClCompile>
    <ClCompile Include="..\source\FollowsT.cpp">
      <Filter>Source Files\Clauses</Filter>
    </ClCompile>
    <ClCompile Include="..\source\Calls.cpp">
      <Filter>Source Files\Clauses</Filter>
    </ClCompile>
    <ClCompile Include="..\source\CallsT.cpp">
      <Filter>Source Files\Clauses</Filter>
    </ClCompile>
    <ClCompile Include="..\source\Next.cpp">
      <Filter>Source Files\Clauses</Filter>
    </ClCompile>
    <ClCompile Include="..\source\NextT.cpp">
      <Filter>Source Files\Clauses</Filter>
    </ClCompile>
    <ClCompile Include="..\source\Result.cpp">
      <Filter>Source Files</Filter>
    </ClCompile>
    <ClCompile Include="..\source\PatternAssign.cpp">
      <Filter>Source Files\Clauses</Filter>
    </ClCompile>
    <ClCompile Include="..\source\PatternWhile.cpp">
      <Filter>Source Files\Clauses</Filter>
    </ClCompile>
    <ClCompile Include="..\source\PatternIf.cpp">
      <Filter>Source Files\Clauses</Filter>
    </ClCompile>
    <ClCompile Include="..\source\With.cpp">
      <Filter>Source Files\Clauses</Filter>
    </ClCompile>
    <ClCompile Include="..\source\Affects.cpp">
      <Filter>Source Files\Clauses</Filter>
    </ClCompile>
    <ClCompile Include="..\source\AffectsT.cpp">
      <Filter>Source Files\Clauses</Filter>
    </ClCompile>
    <ClCompile Include="..\source\QueryPreprocessor.cpp">
      <Filter>Source Files\QueryPreprocessor</Filter>
    </ClCompile>
    <ClCompile Include="..\source\QueryPreprocessorDeclareParser.cpp">
      <Filter>Source Files\QueryPreprocessor</Filter>
    </ClCompile>
    <ClCompile Include="..\source\QueryPreprocessorFormatter.cpp">
      <Filter>Source Files\QueryPreprocessor</Filter>
    </ClCompile>
    <ClCompile Include="..\source\QueryPreprocessorHelper.cpp">
      <Filter>Source Files\QueryPreprocessor</Filter>
    </ClCompile>
    <ClCompile Include="..\source\QueryPreprocessorParser.cpp">
      <Filter>Source Files\QueryPreprocessor</Filter>
    </ClCompile>
    <ClCompile Include="..\source\QueryPreprocessorPatternParser.cpp">
      <Filter>Source Files\QueryPreprocessor</Filter>
    </ClCompile>
    <ClCompile Include="..\source\QueryPreprocessorResultParser.cpp">
      <Filter>Source Files\QueryPreprocessor</Filter>
    </ClCompile>
    <ClCompile Include="..\source\QueryPreprocessorSelectParser.cpp">
      <Filter>Source Files\QueryPreprocessor</Filter>
    </ClCompile>
    <ClCompile Include="..\source\QueryPreprocessorSuchThatParser.cpp">
      <Filter>Source Files\QueryPreprocessor</Filter>
    </ClCompile>
    <ClCompile Include="..\source\QueryPreprocessorTokenizer.cpp">
      <Filter>Source Files\QueryPreprocessor</Filter>
    </ClCompile>
    <ClCompile Include="..\source\QueryPreprocessorWithParser.cpp">
      <Filter>Source Files\QueryPreprocessor</Filter>
    </ClCompile>
    <ClCompile Include="..\source\ResultCache.cpp">
      <Filter>Source Files</Filter>
    </ClCompile>
    <ClCompile Include="..\source\QueryPreprocessorError.cpp">
      <Filter>Source Files\QueryPreprocessor</Filter>
    </ClCompile>
    <ClCompile Include="..\source\SPA.cpp">
      <Filter>Source Files</Filter>
    </ClCompile>
  </ItemGroup>
  <ItemGroup>
    <ClInclude Include="..\source\DesignEntity.h">
      <Filter>Header Files</Filter>
    </ClInclude>
    <ClInclude Include="..\source\ParameterType.h">
      <Filter>Header Files</Filter>
    </ClInclude>
    <ClInclude Include="..\source\Parser.h">
      <Filter>Header Files</Filter>
    </ClInclude>
    <ClInclude Include="..\source\PKB.h">
      <Filter>Header Files</Filter>
    </ClInclude>
    <ClInclude Include="..\source\ProcessedQuery.h">
      <Filter>Header Files</Filter>
    </ClInclude>
    <ClInclude Include="..\source\QueryEvaluator.h">
      <Filter>Header Files</Filter>
    </ClInclude>
    <ClInclude Include="..\source\QueryProcessor.h">
      <Filter>Header Files</Filter>
    </ClInclude>
    <ClInclude Include="..\source\ResultProjector.h">
      <Filter>Header Files</Filter>
    </ClInclude>
    <ClInclude Include="..\source\Type.h">
      <Filter>Header Files</Filter>
    </ClInclude>
    <ClInclude Include="..\source\DesignExtractor.h">
      <Filter>Header Files</Filter>
    </ClInclude>
    <ClInclude Include="..\source\Clause.h">
      <Filter>Header Files\Clauses</Filter>
    </ClInclude>
    <ClInclude Include="..\source\ModifiesS.h">
      <Filter>Header Files\Clauses</Filter>
    </ClInclude>
    <ClInclude Include="..\source\ModifiesP.h">
      <Filter>Header Files\Clauses</Filter>
    </ClInclude>
    <ClInclude Include="..\source\UsesS.h">
      <Filter>Header Files\Clauses</Filter>
    </ClInclude>
    <ClInclude Include="..\source\UsesP.h">
      <Filter>Header Files\Clauses</Filter>
    </ClInclude>
    <ClInclude Include="..\source\Parent.h">
      <Filter>Header Files\Clauses</Filter>
    </ClInclude>
    <ClInclude Include="..\source\ParentT.h">
      <Filter>Header Files\Clauses</Filter>
    </ClInclude>
    <ClInclude Include="..\source\FollowsT.h">
      <Filter>Header Files\Clauses</Filter>
    </ClInclude>
    <ClInclude Include="..\source\Calls.h">
      <Filter>Header Files\Clauses</Filter>
    </ClInclude>
    <ClInclude Include="..\source\Follows.h">
      <Filter>Header Files\Clauses</Filter>
    </ClInclude>
    <ClInclude Include="..\source\CallsT.h">
      <Filter>Header Files\Clauses</Filter>
    </ClInclude>
    <ClInclude Include="..\source\Next.h">
      <Filter>Header Files\Clauses</Filter>
    </ClInclude>
    <ClInclude Include="..\source\NextT.h">
      <Filter>Header Files\Clauses</Filter>
    </ClInclude>
    <ClInclude Include="..\source\Result.h">
      <Filter>Header Files</Filter>
    </ClInclude>
    <ClInclude Include="..\source\PatternAssign.h">
      <Filter>Header Files\Clauses</Filter>
    </ClInclude>
    <ClInclude Include="..\source\PatternWhile.h">
      <Filter>Header Files\Clauses</Filter>
    </ClInclude>
    <ClInclude Include="..\source\PatternIf.h">
      <Filter>Header Files\Clauses</Filter>
    </ClInclude>
    <ClInclude Include="..\source\With.h">
      <Filter>Header Files\Clauses</Filter>
    </ClInclude>
    <ClInclude Include="..\source\AttrRef.h">
      <Filter>Header Files</Filter>
    </ClInclude>
    <ClInclude Include="..\source\Affects.h">
      <Filter>Header Files\Clauses</Filter>
    </ClInclude>
    <ClInclude Include="..\source\AffectsT.h">
      <Filter>Header Files\Clauses</Filter>
    </ClInclude>
    <ClInclude Include="..\source\QueryPreprocessor.h">
      <Filter>Header Files\QueryPreprocessor</Filter>
    </ClInclude>
    <ClInclude Include="..\source\QueryPreprocessorDeclareParser.h">
      <Filter>Header Files\QueryPreprocessor</Filter>
    </ClInclude>
    <ClInclude Include="..\source\QueryPreprocessorFormatter.h">
      <Filter>Header Files\QueryPreprocessor</Filter>
    </ClInclude>
    <ClInclude Include="..\source\QueryPreprocessorHelper.h">
      <Filter>Header Files\QueryPreprocessor</Filter>
    </ClInclude>
    <ClInclude Include="..\source\QueryPreprocessorParser.h">
      <Filter>Header Files\QueryPreprocessor</Filter>
    </ClInclude>
    <ClInclude Include="..\source\QueryPreprocessorPatternParser.h">
      <Filter>Header Files\QueryPreprocessor</Filter>
    </ClInclude>
    <ClInclude Include="..\source\QueryPreprocessorResultParser.h">
      <Filter>Header Files\QueryPreprocessor</Filter>
    </ClInclude>
    <ClInclude Include="..\source\QueryPreprocessorSelectParser.h">
      <Filter>Header Files\QueryPreprocessor</Filter>
    </ClInclude>
    <ClInclude Include="..\source\QueryPreprocessorSuchThatParser.h">
      <Filter>Header Files\QueryPreprocessor</Filter>
    </ClInclude>
    <ClInclude Include="..\source\QueryPreprocessorTokenizer.h">
      <Filter>Header Files\QueryPreprocessor</Filter>
    </ClInclude>
    <ClInclude Include="..\source\QueryPreprocessorWithParser.h">
      <Filter>Header Files\QueryPreprocessor</Filter>
    </ClInclude>
    <ClInclude Include="..\source\ResultCache.h">
      <Filter>Header Files</Filter>
    </ClInclude>
    <ClInclude Include="..\source\CacheType.h">
      <Filter>Header Files</Filter>
    </ClInclude>
    <ClInclude Include="..\source\QueryPreprocessorError.h">
      <Filter>Header Files\QueryPreprocessor</Filter>
    </ClInclude>
    <ClInclude Include="..\source\SPA.h">
      <Filter>Header Files</Filter>
    </ClInclude>
  </ItemGroup>
  <ItemGroup>
    <None Include="..\source\SPA.vcxproj" />
    <None Include="..\source\SPA.vcxproj.filters" />
    <None Include="..\source\SPA.vcxproj.user" />
  </ItemGroup>
</Project>